
Microsoft Visual Studio Solution File, Format Version 12.00
# Visual Studio Version 16
VisualStudioVersion = 16.0.31205.134
MinimumVisualStudioVersion = 10.0.40219.1
Project("{FAE04EC0-301F-11D3-BF4B-00C04F79EFBC}") = "averageValues", "averageValues\averageValues.csproj", "{D414E186-9EB2-4008-A1E8-4E3F915485A8}"
EndProject
Global
	GlobalSection(SolutionConfigurationPlatforms) = preSolution
		Debug|Any CPU = Debug|Any CPU
		Release|Any CPU = Release|Any CPU
	EndGlobalSection
	GlobalSection(ProjectConfigurationPlatforms) = postSolution
		{D414E186-9EB2-4008-A1E8-4E3F915485A8}.Debug|Any CPU.ActiveCfg = Debug|Any CPU
		{D414E186-9EB2-4008-A1E8-4E3F915485A8}.Debug|Any CPU.Build.0 = Debug|Any CPU
		{D414E186-9EB2-4008-A1E8-4E3F915485A8}.Release|Any CPU.ActiveCfg = Release|Any CPU
		{D414E186-9EB2-4008-A1E8-4E3F915485A8}.Release|Any CPU.Build.0 = Release|Any CPU
	EndGlobalSection
	GlobalSection(SolutionProperties) = preSolution
		HideSolutionNode = FALSE
	EndGlobalSection
	GlobalSection(ExtensibilityGlobals) = postSolution
		SolutionGuid = {7618A130-3288-4520-A64D-9155351EAA55}
	EndGlobalSection
EndGlobal
